
Microsoft Visual Studio Solution File, Format Version 12.00
# Visual Studio Version 17
VisualStudioVersion = 17.1.32421.90
MinimumVisualStudioVersion = 10.0.40219.1
Project("{FAE04EC0-301F-11D3-BF4B-00C04F79EFBC}") = "Revit_SwitchToWorkspaceShortcut", "Revit_SwitchToWorkspaceShortcut\Revit_SwitchToWorkspaceShortcut.csproj", "{1904EA15-2AFF-418A-9850-E368D6000151}"
EndProject
Global
	GlobalSection(SolutionConfigurationPlatforms) = preSolution
		Debug|Any CPU = Debug|Any CPU
		Release|Any CPU = Release|Any CPU
	EndGlobalSection
	GlobalSection(ProjectConfigurationPlatforms) = postSolution
		{1904EA15-2AFF-418A-9850-E368D6000151}.Debug|Any CPU.ActiveCfg = Debug|Any CPU
		{1904EA15-2AFF-418A-9850-E368D6000151}.Debug|Any CPU.Build.0 = Debug|Any CPU
		{1904EA15-2AFF-418A-9850-E368D6000151}.Release|Any CPU.ActiveCfg = Release|Any CPU
		{1904EA15-2AFF-418A-9850-E368D6000151}.Release|Any CPU.Build.0 = Release|Any CPU
	EndGlobalSection
	GlobalSection(SolutionProperties) = preSolution
		HideSolutionNode = FALSE
	EndGlobalSection
	GlobalSection(ExtensibilityGlobals) = postSolution
		SolutionGuid = {057204AB-655C-4EE5-9E9A-DFCBC78D4EB1}
	EndGlobalSection
EndGlobal
